
Microsoft Visual Studio Solution File, Format Version 12.00
# Visual Studio Version 17
VisualStudioVersion = 17.2.32630.192
MinimumVisualStudioVersion = 10.0.40219.1
Project("{9A19103F-16F7-4668-BE54-9A1E7A4F7556}") = "BDD", "BDD\BDD.csproj", "{666ABF99-D520-4306-B2EA-BF88C14600B9}"
EndProject
Global
	GlobalSection(SolutionConfigurationPlatforms) = preSolution
		Debug|Any CPU = Debug|Any CPU
		Release|Any CPU = Release|Any CPU
	EndGlobalSection
	GlobalSection(ProjectConfigurationPlatforms) = postSolution
		{666ABF99-D520-4306-B2EA-BF88C14600B9}.Debug|Any CPU.ActiveCfg = Debug|Any CPU
		{666ABF99-D520-4306-B2EA-BF88C14600B9}.Debug|Any CPU.Build.0 = Debug|Any CPU
		{666ABF99-D520-4306-B2EA-BF88C14600B9}.Release|Any CPU.ActiveCfg = Release|Any CPU
		{666ABF99-D520-4306-B2EA-BF88C14600B9}.Release|Any CPU.Build.0 = Release|Any CPU
	EndGlobalSection
	GlobalSection(SolutionProperties) = preSolution
		HideSolutionNode = FALSE
	EndGlobalSection
	GlobalSection(ExtensibilityGlobals) = postSolution
		SolutionGuid = {ABBB2295-0BAB-49A5-AF2C-A1715473B6FE}
	EndGlobalSection
EndGlobal
